
Microsoft Visual Studio Solution File, Format Version 12.00
# Visual Studio 2013
VisualStudioVersion = 12.0.31101.0
MinimumVisualStudioVersion = 10.0.40219.1
Project("{FAE04EC0-301F-11D3-BF4B-00C04F79EFBC}") = "TKMobileStore.Web", "TKMobileStore.Web\TKMobileStore.Web.csproj", "{D9424228-A834-4E76-A5C1-E5DB028EE586}"
	ProjectSection(ProjectDependencies) = postProject
		{F4B868F0-6421-4761-A43B-5D50C868C551} = {F4B868F0-6421-4761-A43B-5D50C868C551}
	EndProjectSection
EndProject
Project("{FAE04EC0-301F-11D3-BF4B-00C04F79EFBC}") = "TKMobileStore.Web.Tests", "TKMobileStore.Web.Tests\TKMobileStore.Web.Tests.csproj", "{FBB69799-91F5-4360-8808-0CFED1B841EA}"
EndProject
Project("{2150E333-8FDC-42A3-9474-1A3956D46DE8}") = "PublishScripts", "PublishScripts", "{2F2D8B82-8E28-4F11-B548-179D309C03DE}"
	ProjectSection(SolutionItems) = preProject
		PublishScripts\AzureWebsitePublishModule.psm1 = PublishScripts\AzureWebsitePublishModule.psm1
		PublishScripts\Publish-WebApplicationWebsite.ps1 = PublishScripts\Publish-WebApplicationWebsite.ps1
	EndProjectSection
EndProject
Project("{2150E333-8FDC-42A3-9474-1A3956D46DE8}") = "Configurations", "Configurations", "{DFA1787D-8D28-4A5F-BA31-58254E3769A2}"
	ProjectSection(SolutionItems) = preProject
		PublishScripts\Configurations\TKMobileStoreWeb-WAWS-dev.json = PublishScripts\Configurations\TKMobileStoreWeb-WAWS-dev.json
	EndProjectSection
EndProject
Project("{2150E333-8FDC-42A3-9474-1A3956D46DE8}") = ".nuget", ".nuget", "{6BF8463C-9297-4073-AD34-5FF5DBD1D933}"
	ProjectSection(SolutionItems) = preProject
		.nuget\packages.config = .nuget\packages.config
	EndProjectSection
EndProject
Project("{FAE04EC0-301F-11D3-BF4B-00C04F79EFBC}") = "TKMobileStore.Data", "TKMobileStore.Data\TKMobileStore.Data.csproj", "{F4B868F0-6421-4761-A43B-5D50C868C551}"
	ProjectSection(ProjectDependencies) = postProject
		{914A3E0D-D064-4B30-97C7-9A168A433EA0} = {914A3E0D-D064-4B30-97C7-9A168A433EA0}
		{3E36D27A-9E88-4E07-9A80-7625332FC6DA} = {3E36D27A-9E88-4E07-9A80-7625332FC6DA}
	EndProjectSection
EndProject
Project("{FAE04EC0-301F-11D3-BF4B-00C04F79EFBC}") = "TKMobileStore.Entities", "TKMobileStore.Entities\TKMobileStore.Entities.csproj", "{3E36D27A-9E88-4E07-9A80-7625332FC6DA}"
EndProject
Project("{FAE04EC0-301F-11D3-BF4B-00C04F79EFBC}") = "TKMobileStore.Core", "TKMobileStore.Core\TKMobileStore.Core.csproj", "{914A3E0D-D064-4B30-97C7-9A168A433EA0}"
EndProject
Project("{FAE04EC0-301F-11D3-BF4B-00C04F79EFBC}") = "TKMobileStore.Web.Framework", "TKMobileStore.Web.Framework\TKMobileStore.Web.Framework.csproj", "{96EA5072-6176-44EF-8D98-FA8FF2B76629}"
EndProject
Global
	GlobalSection(SolutionConfigurationPlatforms) = preSolution
		Debug|Any CPU = Debug|Any CPU
		Release|Any CPU = Release|Any CPU
	EndGlobalSection
	GlobalSection(ProjectConfigurationPlatforms) = postSolution
		{D9424228-A834-4E76-A5C1-E5DB028EE586}.Debug|Any CPU.ActiveCfg = Debug|Any CPU
		{D9424228-A834-4E76-A5C1-E5DB028EE586}.Debug|Any CPU.Build.0 = Debug|Any CPU
		{D9424228-A834-4E76-A5C1-E5DB028EE586}.Release|Any CPU.ActiveCfg = Release|Any CPU
		{D9424228-A834-4E76-A5C1-E5DB028EE586}.Release|Any CPU.Build.0 = Release|Any CPU
		{FBB69799-91F5-4360-8808-0CFED1B841EA}.Debug|Any CPU.ActiveCfg = Debug|Any CPU
		{FBB69799-91F5-4360-8808-0CFED1B841EA}.Debug|Any CPU.Build.0 = Debug|Any CPU
		{FBB69799-91F5-4360-8808-0CFED1B841EA}.Release|Any CPU.ActiveCfg = Release|Any CPU
		{FBB69799-91F5-4360-8808-0CFED1B841EA}.Release|Any CPU.Build.0 = Release|Any CPU
		{F4B868F0-6421-4761-A43B-5D50C868C551}.Debug|Any CPU.ActiveCfg = Debug|Any CPU
		{F4B868F0-6421-4761-A43B-5D50C868C551}.Debug|Any CPU.Build.0 = Debug|Any CPU
		{F4B868F0-6421-4761-A43B-5D50C868C551}.Release|Any CPU.ActiveCfg = Release|Any CPU
		{F4B868F0-6421-4761-A43B-5D50C868C551}.Release|Any CPU.Build.0 = Release|Any CPU
		{3E36D27A-9E88-4E07-9A80-7625332FC6DA}.Debug|Any CPU.ActiveCfg = Debug|Any CPU
		{3E36D27A-9E88-4E07-9A80-7625332FC6DA}.Debug|Any CPU.Build.0 = Debug|Any CPU
		{3E36D27A-9E88-4E07-9A80-7625332FC6DA}.Release|Any CPU.ActiveCfg = Release|Any CPU
		{3E36D27A-9E88-4E07-9A80-7625332FC6DA}.Release|Any CPU.Build.0 = Release|Any CPU
		{914A3E0D-D064-4B30-97C7-9A168A433EA0}.Debug|Any CPU.ActiveCfg = Debug|Any CPU
		{914A3E0D-D064-4B30-97C7-9A168A433EA0}.Debug|Any CPU.Build.0 = Debug|Any CPU
		{914A3E0D-D064-4B30-97C7-9A168A433EA0}.Release|Any CPU.ActiveCfg = Release|Any CPU
		{914A3E0D-D064-4B30-97C7-9A168A433EA0}.Release|Any CPU.Build.0 = Release|Any CPU
		{96EA5072-6176-44EF-8D98-FA8FF2B76629}.Debug|Any CPU.ActiveCfg = Debug|Any CPU
		{96EA5072-6176-44EF-8D98-FA8FF2B76629}.Debug|Any CPU.Build.0 = Debug|Any CPU
		{96EA5072-6176-44EF-8D98-FA8FF2B76629}.Release|Any CPU.ActiveCfg = Release|Any CPU
		{96EA5072-6176-44EF-8D98-FA8FF2B76629}.Release|Any CPU.Build.0 = Release|Any CPU
	EndGlobalSection
	GlobalSection(SolutionProperties) = preSolution
		HideSolutionNode = FALSE
	EndGlobalSection
	GlobalSection(NestedProjects) = preSolution
		{DFA1787D-8D28-4A5F-BA31-58254E3769A2} = {2F2D8B82-8E28-4F11-B548-179D309C03DE}
	EndGlobalSection
EndGlobal
